
Microsoft Visual Studio Solution File, Format Version 12.00
# Visual Studio Version 17
VisualStudioVersion = 17.6.33815.320
MinimumVisualStudioVersion = 10.0.40219.1
Project("{FAE04EC0-301F-11D3-BF4B-00C04F79EFBC}") = "Gestor.APP", "Gestor.APP\Gestor.APP.csproj", "{ABB7E9DC-8D7E-49BE-985C-82C059016452}"
EndProject
Project("{FAE04EC0-301F-11D3-BF4B-00C04F79EFBC}") = "Gestor.DAL", "Gestor.DAL\Gestor.DAL.csproj", "{4A720400-D263-4E77-BFC1-664EE89EB077}"
EndProject
Project("{FAE04EC0-301F-11D3-BF4B-00C04F79EFBC}") = "Gestor.BLL", "Gestor.BLL\Gestor.BLL.csproj", "{8FEFDB87-9CEB-4768-9463-7A9D5F34EEB4}"
EndProject
Project("{FAE04EC0-301F-11D3-BF4B-00C04F79EFBC}") = "Gestor.ENTITY", "Gestor.ENTITY\Gestor.ENTITY.csproj", "{31E5608C-E8E3-4DE5-AEB0-E46708499920}"
EndProject
Global
	GlobalSection(SolutionConfigurationPlatforms) = preSolution
		Debug|Any CPU = Debug|Any CPU
		Release|Any CPU = Release|Any CPU
	EndGlobalSection
	GlobalSection(ProjectConfigurationPlatforms) = postSolution
		{ABB7E9DC-8D7E-49BE-985C-82C059016452}.Debug|Any CPU.ActiveCfg = Debug|Any CPU
		{ABB7E9DC-8D7E-49BE-985C-82C059016452}.Debug|Any CPU.Build.0 = Debug|Any CPU
		{ABB7E9DC-8D7E-49BE-985C-82C059016452}.Release|Any CPU.ActiveCfg = Release|Any CPU
		{ABB7E9DC-8D7E-49BE-985C-82C059016452}.Release|Any CPU.Build.0 = Release|Any CPU
		{4A720400-D263-4E77-BFC1-664EE89EB077}.Debug|Any CPU.ActiveCfg = Debug|Any CPU
		{4A720400-D263-4E77-BFC1-664EE89EB077}.Debug|Any CPU.Build.0 = Debug|Any CPU
		{4A720400-D263-4E77-BFC1-664EE89EB077}.Release|Any CPU.ActiveCfg = Release|Any CPU
		{4A720400-D263-4E77-BFC1-664EE89EB077}.Release|Any CPU.Build.0 = Release|Any CPU
		{8FEFDB87-9CEB-4768-9463-7A9D5F34EEB4}.Debug|Any CPU.ActiveCfg = Debug|Any CPU
		{8FEFDB87-9CEB-4768-9463-7A9D5F34EEB4}.Debug|Any CPU.Build.0 = Debug|Any CPU
		{8FEFDB87-9CEB-4768-9463-7A9D5F34EEB4}.Release|Any CPU.ActiveCfg = Release|Any CPU
		{8FEFDB87-9CEB-4768-9463-7A9D5F34EEB4}.Release|Any CPU.Build.0 = Release|Any CPU
		{31E5608C-E8E3-4DE5-AEB0-E46708499920}.Debug|Any CPU.ActiveCfg = Debug|Any CPU
		{31E5608C-E8E3-4DE5-AEB0-E46708499920}.Debug|Any CPU.Build.0 = Debug|Any CPU
		{31E5608C-E8E3-4DE5-AEB0-E46708499920}.Release|Any CPU.ActiveCfg = Release|Any CPU
		{31E5608C-E8E3-4DE5-AEB0-E46708499920}.Release|Any CPU.Build.0 = Release|Any CPU
	EndGlobalSection
	GlobalSection(SolutionProperties) = preSolution
		HideSolutionNode = FALSE
	EndGlobalSection
	GlobalSection(ExtensibilityGlobals) = postSolution
		SolutionGuid = {484A7945-6AB6-4F6A-A835-5FEDCD68906F}
	EndGlobalSection
EndGlobal
